# This file is automatically @generated by Poetry 1.8.5 and should not be changed by hand.

[[package]]
name = "asyncio"
version = "3.4.3"
description = "reference implementation of PEP 3156"
optional = false
python-versions = "*"
files = [
    {file = "asyncio-3.4.3-cp33-none-win32.whl", hash = "sha256:b62c9157d36187eca799c378e572c969f0da87cd5fc42ca372d92cdb06e7e1de"},
    {file = "asyncio-3.4.3-cp33-none-win_amd64.whl", hash = "sha256:c46a87b48213d7464f22d9a497b9eef8c1928b68320a2fa94240f969f6fec08c"},
    {file = "asyncio-3.4.3-py3-none-any.whl", hash = "sha256:c4d18b22701821de07bd6aea8b53d21449ec0ec5680645e5317062ea21817d2d"},
    {file = "asyncio-3.4.3.tar.gz", hash = "sha256:83360ff8bc97980e4ff25c964c7bd3923d333d177aa4f7fb736b019f26c7cb41"},
]

[[package]]
name = "base58"
version = "2.1.1"
description = "Base58 and Base58Check implementation."
optional = false
python-versions = ">=3.5"
files = [
    {file = "base58-2.1.1-py3-none-any.whl", hash = "sha256:11a36f4d3ce51dfc1043f3218591ac4eb1ceb172919cebe05b52a5bcc8d245c2"},
    {file = "base58-2.1.1.tar.gz", hash = "sha256:c5d0cb3f5b6e81e8e35da5754388ddcc6d0d14b6c6a132cb93d69ed580a7278c"},
]

[package.extras]
tests = ["PyHamcrest (>=2.0.2)", "mypy", "pytest (>=4.6)", "pytest-benchmark", "pytest-cov", "pytest-flake8"]

[[package]]
name = "black"
version = "24.10.0"
description = "The uncompromising code formatter."
optional = false
python-versions = ">=3.9"
files = [
    {file = "black-24.10.0-cp310-cp310-macosx_10_9_x86_64.whl", hash = "sha256:e6668650ea4b685440857138e5fe40cde4d652633b1bdffc62933d0db4ed9812"},
    {file = "black-24.10.0-cp310-cp310-macosx_11_0_arm64.whl", hash = "sha256:1c536fcf674217e87b8cc3657b81809d3c085d7bf3ef262ead700da345bfa6ea"},
    {file = "black-24.10.0-cp310-cp310-manylinux_2_17_x86_64.manylinux2014_x86_64.manylinux_2_28_x86_64.whl", hash = "sha256:649fff99a20bd06c6f727d2a27f401331dc0cc861fb69cde910fe95b01b5928f"},
    {file = "black-24.10.0-cp310-cp310-win_amd64.whl", hash = "sha256:fe4d6476887de70546212c99ac9bd803d90b42fc4767f058a0baa895013fbb3e"},
    {file = "black-24.10.0-cp311-cp311-macosx_10_9_x86_64.whl", hash = "sha256:5a2221696a8224e335c28816a9d331a6c2ae15a2ee34ec857dcf3e45dbfa99ad"},
    {file = "black-24.10.0-cp311-cp311-macosx_11_0_arm64.whl", hash = "sha256:f9da3333530dbcecc1be13e69c250ed8dfa67f43c4005fb537bb426e19200d50"},
    {file = "black-24.10.0-cp311-cp311-manylinux_2_17_x86_64.manylinux2014_x86_64.manylinux_2_28_x86_64.whl", hash = "sha256:4007b1393d902b48b36958a216c20c4482f601569d19ed1df294a496eb366392"},
    {file = "black-24.10.0-cp311-cp311-win_amd64.whl", hash = "sha256:394d4ddc64782e51153eadcaaca95144ac4c35e27ef9b0a42e121ae7e57a9175"},
    {file = "black-24.10.0-cp312-cp312-macosx_10_13_x86_64.whl", hash = "sha256:b5e39e0fae001df40f95bd8cc36b9165c5e2ea88900167bddf258bacef9bbdc3"},
    {file = "black-24.10.0-cp312-cp312-macosx_11_0_arm64.whl", hash = "sha256:d37d422772111794b26757c5b55a3eade028aa3fde43121ab7b673d050949d65"},
    {file = "black-24.10.0-cp312-cp312-manylinux_2_17_x86_64.manylinux2014_x86_64.manylinux_2_28_x86_64.whl", hash = "sha256:14b3502784f09ce2443830e3133dacf2c0110d45191ed470ecb04d0f5f6fcb0f"},
    {file = "black-24.10.0-cp312-cp312-win_amd64.whl", hash = "sha256:30d2c30dc5139211dda799758559d1b049f7f14c580c409d6ad925b74a4208a8"},
    {file = "black-24.10.0-cp313-cp313-macosx_10_13_x86_64.whl", hash = "sha256:1cbacacb19e922a1d75ef2b6ccaefcd6e93a2c05ede32f06a21386a04cedb981"},
    {file = "black-24.10.0-cp313-cp313-macosx_11_0_arm64.whl", hash = "sha256:1f93102e0c5bb3907451063e08b9876dbeac810e7da5a8bfb7aeb5a9ef89066b"},
    {file = "black-24.10.0-cp313-cp313-manylinux_2_17_x86_64.manylinux2014_x86_64.manylinux_2_28_x86_64.whl", hash = "sha256:ddacb691cdcdf77b96f549cf9591701d8db36b2f19519373d60d31746068dbf2"},
    {file = "black-24.10.0-cp313-cp313-win_amd64.whl", hash = "sha256:680359d932801c76d2e9c9068d05c6b107f2584b2a5b88831c83962eb9984c1b"},
    {file = "black-24.10.0-cp39-cp39-macosx_10_9_x86_64.whl", hash = "sha256:17374989640fbca88b6a448129cd1745c5eb8d9547b464f281b251dd00155ccd"},
    {file = "black-24.10.0-cp39-cp39-macosx_11_0_arm64.whl", hash = "sha256:63f626344343083322233f175aaf372d326de8436f5928c042639a4afbbf1d3f"},
    {file = "black-24.10.0-cp39-cp39-manylinux_2_17_x86_64.manylinux2014_x86_64.manylinux_2_28_x86_64.whl", hash = "sha256:ccfa1d0cb6200857f1923b602f978386a3a2758a65b52e0950299ea014be6800"},
    {file = "black-24.10.0-cp39-cp39-win_amd64.whl", hash = "sha256:2cd9c95431d94adc56600710f8813ee27eea544dd118d45896bb734e9d7a0dc7"},
    {file = "black-24.10.0-py3-none-any.whl", hash = "sha256:3bb2b7a1f7b685f85b11fed1ef10f8a9148bceb49853e47a294a3dd963c1dd7d"},
    {file = "black-24.10.0.tar.gz", hash = "sha256:846ea64c97afe3bc677b761787993be4991810ecc7a4a937816dd6bddedc4875"},
]

[package.dependencies]
click = ">=8.0.0"
mypy-extensions = ">=0.4.3"
packaging = ">=22.0"
pathspec = ">=0.9.0"
platformdirs = ">=2"

[package.extras]
colorama = ["colorama (>=0.4.3)"]
d = ["aiohttp (>=3.10)"]
jupyter = ["ipython (>=7.8.0)", "tokenize-rt (>=3.2.0)"]
uvloop = ["uvloop (>=0.15.2)"]

[[package]]
name = "click"
version = "8.2.1"
description = "Composable command line interface toolkit"
optional = false
python-versions = ">=3.10"
files = [
    {file = "click-8.2.1-py3-none-any.whl", hash = "sha256:61a3265b914e850b85317d0b3109c7f8cd35a670f963866005d6ef1d5175a12b"},
    {file = "click-8.2.1.tar.gz", hash = "sha256:27c491cc05d968d271d5a1db13e3b5a184636d9d930f148c50b038f0d0646202"},
]

[package.dependencies]
colorama = {version = "*", markers = "platform_system == \"Windows\""}

[[package]]
name = "colorama"
version = "0.4.6"
description = "Cross-platform colored terminal text."
optional = false
python-versions = "!=3.0.*,!=3.1.*,!=3.2.*,!=3.3.*,!=3.4.*,!=3.5.*,!=3.6.*,>=2.7"
files = [
    {file = "colorama-0.4.6-py2.py3-none-any.whl", hash = "sha256:4f1d9991f5acc0ca119f9d443620b77f9d6b33703e51011c16baf57afb285fc6"},
    {file = "colorama-0.4.6.tar.gz", hash = "sha256:08695f5cb7ed6e0531a20572697297273c47b8cae5a63ffc6d6ed5c201be6e44"},
]

[[package]]
name = "grpcio"
version = "1.72.0rc1"
description = "HTTP/2-based RPC framework"
optional = false
python-versions = ">=3.9"
files = [
    {file = "grpcio-1.72.0rc1-cp310-cp310-linux_armv7l.whl", hash = "sha256:db7db4b246a7fb21aeb70e7220be480948aa9c535eaa777ea0c840416ed8cac9"},
    {file = "grpcio-1.72.0rc1-cp310-cp310-macosx_12_0_universal2.whl", hash = "sha256:baf028e61662fd320c18fb50070b6e330fa24b2b3a4d113f4d57b41e0f5b5873"},
    {file = "grpcio-1.72.0rc1-cp310-cp310-manylinux_2_17_aarch64.whl", hash = "sha256:bf84cf17dfbf49ebe11b081b7a3c83b23625a80c979741e2e98b0ddb41080397"},
    {file = "grpcio-1.72.0rc1-cp310-cp310-manylinux_2_17_i686.manylinux2014_i686.whl", hash = "sha256:3fd6f8700d34754b32d13af234da2e413f408c8b741c8039f11beb06d53c3f6a"},
    {file = "grpcio-1.72.0rc1-cp310-cp310-manylinux_2_17_x86_64.manylinux2014_x86_64.whl", hash = "sha256:f05d243b8d814dd1c6fca19e4e0c5986fc70e2c3aa29e2c7c67e877e4c03ede6"},
    {file = "grpcio-1.72.0rc1-cp310-cp310-musllinux_1_1_aarch64.whl", hash = "sha256:390a70394e2c315d7c480496db259ec16c00baeebf759c8967247269f0fee981"},
    {file = "grpcio-1.72.0rc1-cp310-cp310-musllinux_1_1_i686.whl", hash = "sha256:b08973c62eda11343e7131d78635d50ae0c138a8f39eb817ca83cca842527d04"},
    {file = "grpcio-1.72.0rc1-cp310-cp310-musllinux_1_1_x86_64.whl", hash = "sha256:ce539397a258af1dee26118c40327004d023617bc99493baaf8e7938491f7361"},
    {file = "grpcio-1.72.0rc1-cp310-cp310-win32.whl", hash = "sha256:4f97f628095bbdf6d4c2c15c1bc18f0514f90781528bc6082bb697ccc71d4f42"},
    {file = "grpcio-1.72.0rc1-cp310-cp310-win_amd64.whl", hash = "sha256:dbcdf7a5463b61fca1586b54f7ea3c9dfd159f535224f457ae307f52d8d4a839"},
    {file = "grpcio-1.72.0rc1-cp311-cp311-linux_armv7l.whl", hash = "sha256:23ebb3947783f10fec3e1d0b29b94db8e72f721900d1dd9c1d6db5876da69066"},
    {file = "grpcio-1.72.0rc1-cp311-cp311-macosx_11_0_universal2.whl", hash = "sha256:fd96b20846907ed4cd95bf1d628f16732f450114bde897eedb323fc3bc1eddb3"},
    {file = "grpcio-1.72.0rc1-cp311-cp311-manylinux_2_17_aarch64.whl", hash = "sha256:6df1ba4a5f5793ae210699e1b1745f77a4ac17f73510fc36ee12c215f02523b4"},
    {file = "grpcio-1.72.0rc1-cp311-cp311-manylinux_2_17_i686.manylinux2014_i686.whl", hash = "sha256:a3398957c611f0af7cee4fdd34268b6664be8689eae0327440efb794e544908b"},
    {file = "grpcio-1.72.0rc1-cp311-cp311-manylinux_2_17_x86_64.manylinux2014_x86_64.whl", hash = "sha256:9ef66029da9cbe94ba3047c1b04653e1d5096ca8d036eb6e24092f0e847d2c4f"},
    {file = "grpcio-1.72.0rc1-cp311-cp311-musllinux_1_1_aarch64.whl", hash = "sha256:6566e3e3458805381f8714492e8f559f082f8955ccd1c98d71f8afc0612dc841"},
    {file = "grpcio-1.72.0rc1-cp311-cp311-musllinux_1_1_i686.whl", hash = "sha256:3c799bfa92450e95d3f1f9cc4b7d8cbefc8bd4356d3f6573d2fb5e698353192a"},
    {file = "grpcio-1.72.0rc1-cp311-cp311-musllinux_1_1_x86_64.whl", hash = "sha256:a251992531f3b16be3c013ec45a9caa69ecfe9b45335652d5681659f6d117233"},
    {file = "grpcio-1.72.0rc1-cp311-cp311-win32.whl", hash = "sha256:c9e5f2c628dedf0886b774eee17e003a043941024e68ee2ebe76be6981a7baab"},
    {file = "grpcio-1.72.0rc1-cp311-cp311-win_amd64.whl", hash = "sha256:8b9c0a84ff584da3f5c0cb04ee3d87c0bc70d41ab5a21d3b943963a94c622892"},
    {file = "grpcio-1.72.0rc1-cp312-cp312-linux_armv7l.whl", hash = "sha256:188ac9d8cb05c250e212ba946a65a8541419bdfd803373d6b7fb8b10fe5ff991"},
    {file = "grpcio-1.72.0rc1-cp312-cp312-macosx_11_0_universal2.whl", hash = "sha256:8bd956711dc21235bc78a70bf04a28b3f747c6576b9bb79362803707fec9f705"},
    {file = "grpcio-1.72.0rc1-cp312-cp312-manylinux_2_17_aarch64.whl", hash = "sha256:b032b9cbb325e28ff847b6aae1df5a090aa49b682dc80c926b24a96de43c01aa"},
    {file = "grpcio-1.72.0rc1-cp312-cp312-manylinux_2_17_i686.manylinux2014_i686.whl", hash = "sha256:1ca12a4388a40eb0411264af291184e2cca38176996b591ac047844abd81d40b"},
    {file = "grpcio-1.72.0rc1-cp312-cp312-manylinux_2_17_x86_64.manylinux2014_x86_64.whl", hash = "sha256:e7cefd52f392f4d6747b401f825901c48176737f7b03b17be0a0a638da194749"},
    {file = "grpcio-1.72.0rc1-cp312-cp312-musllinux_1_1_aarch64.whl", hash = "sha256:1a24408fb051b70efa440b95f7e1acbb1c3067609934aa53a953d8d2cfc4d824"},
    {file = "grpcio-1.72.0rc1-cp312-cp312-musllinux_1_1_i686.whl", hash = "sha256:c7b37608d14792d3dacb9aba55b96a17a074e139c4567b0ac5c1926302add910"},
    {file = "grpcio-1.72.0rc1-cp312-cp312-musllinux_1_1_x86_64.whl", hash = "sha256:81ca42a96299ca617f3bc7b60660f15cabb98de6fce440ecd4d0640a5554345f"},
    {file = "grpcio-1.72.0rc1-cp312-cp312-win32.whl", hash = "sha256:9ff2ef2a553d4edc8c620df3735b15a1e7dc05a60262e8c28445f2676fb09189"},
    {file = "grpcio-1.72.0rc1-cp312-cp312-win_amd64.whl", hash = "sha256:3c9a6613662591c198d9e4e499f3336bc5c1c0e3fe3f0922cf48e74b37b3dcd1"},
    {file = "grpcio-1.72.0rc1-cp313-cp313-linux_armv7l.whl", hash = "sha256:995e3e5c43cab6d0f1922b43b3c01a2624a4497ce91c3124e807497654301c59"},
    {file = "grpcio-1.72.0rc1-cp313-cp313-macosx_11_0_universal2.whl", hash = "sha256:8dfb0ff2ddd708dbecdffa37245b79aef707e789ffb0fc6a8be01608d982afcd"},
    {file = "grpcio-1.72.0rc1-cp313-cp313-manylinux_2_17_aarch64.whl", hash = "sha256:7e08eb53d6123995da63df90ce50e5b834de0a8ebfb1a3ac0890a2e246d2771c"},
    {file = "grpcio-1.72.0rc1-cp313-cp313-manylinux_2_17_i686.manylinux2014_i686.whl", hash = "sha256:71cb52c0956fe7868692b490fda341a52d8187fab94e1136f5bd253c8e3560ac"},
    {file = "grpcio-1.72.0rc1-cp313-cp313-manylinux_2_17_x86_64.manylinux2014_x86_64.whl", hash = "sha256:dcf76ce8d4a6829f112ad88c4e6d528dbef922e01834d4a5cc3718bf599f7e84"},
    {file = "grpcio-1.72.0rc1-cp313-cp313-musllinux_1_1_aarch64.whl", hash = "sha256:8852b6234a52b6b694a5f9a5a687d59127b3e71c8e345eebd6d483abbc412217"},
    {file = "grpcio-1.72.0rc1-cp313-cp313-musllinux_1_1_i686.whl", hash = "sha256:d1a0fee8420d9e453dc8cba1c7c067ca2d3054487cb6616ab8dad41f15e57465"},
    {file = "grpcio-1.72.0rc1-cp313-cp313-musllinux_1_1_x86_64.whl", hash = "sha256:a13149f4fd3904093fa2dba484744dd7205f536650a533ab24dd95cca393c14c"},
    {file = "grpcio-1.72.0rc1-cp313-cp313-win32.whl", hash = "sha256:cebe148511a1965363fc6aafd60a488fe9dc5d74dd92a59a8ecba66ddd53c573"},
    {file = "grpcio-1.72.0rc1-cp313-cp313-win_amd64.whl", hash = "sha256:843352c352970a1df5bbf7da68d2770781f4bff2c85a4a0d20cc6eaaadf26e59"},
    {file = "grpcio-1.72.0rc1-cp39-cp39-linux_armv7l.whl", hash = "sha256:2083c0cdff47ff7d4b093d05d703baeeef8db3b2c1f43c9f9d4288a99e444cdd"},
    {file = "grpcio-1.72.0rc1-cp39-cp39-macosx_11_0_universal2.whl", hash = "sha256:42df7e0f9d66f5c9b246d8e1da74605bce27b10dec20b6fc204edd6e7178da2d"},
    {file = "grpcio-1.72.0rc1-cp39-cp39-manylinux_2_17_aarch64.whl", hash = "sha256:1190c2e4f221b5bd0e6eba3e44d6758ef48eeb2216dcb9734c158e8a5d8ce6a3"},
    {file = "grpcio-1.72.0rc1-cp39-cp39-manylinux_2_17_i686.manylinux2014_i686.whl", hash = "sha256:6d6c8d2ea63e1cdaaa81271e5c867fcd9732050324df372ff9d3163968be68c8"},
    {file = "grpcio-1.72.0rc1-cp39-cp39-manylinux_2_17_x86_64.manylinux2014_x86_64.whl", hash = "sha256:8f6ee161b9d112232e5d6be437bf56383dca2334bd17e8b7a4a3f97f33722bdd"},
    {file = "grpcio-1.72.0rc1-cp39-cp39-musllinux_1_1_aarch64.whl", hash = "sha256:9abbdf945e3b151603d642f2bc7a637b87af2e3480ed047689bad9eb4fa9c712"},
    {file = "grpcio-1.72.0rc1-cp39-cp39-musllinux_1_1_i686.whl", hash = "sha256:2edab5d26319a1fed695ec658efe3846b75e0c7f3a6202b042099c9b11dc10fd"},
    {file = "grpcio-1.72.0rc1-cp39-cp39-musllinux_1_1_x86_64.whl", hash = "sha256:03b46e0041bee18a786ccef978bc29a26e4bd1b73a6ca0b21252387167843ff1"},
    {file = "grpcio-1.72.0rc1-cp39-cp39-win32.whl", hash = "sha256:9b861cbfb63433e02b52f9971644095bec4a5fcd1e4d3f94e18cfad38f649d53"},
    {file = "grpcio-1.72.0rc1-cp39-cp39-win_amd64.whl", hash = "sha256:2416792a567cba9f92bffc1a55ce0f2c8106956a2e32bfe8a22a8094a56b7108"},
    {file = "grpcio-1.72.0rc1.tar.gz", hash = "sha256:221793dccd3332060f426975a041d319d6d57323d857d4afc25257ec4a5a67f3"},
]

[package.extras]
protobuf = ["grpcio-tools (>=1.72.0rc1)"]

[[package]]
name = "grpcio-tools"
version = "1.71.0"
description = "Protobuf code generator for gRPC"
optional = false
python-versions = ">=3.9"
files = [
    {file = "grpcio_tools-1.71.0-cp310-cp310-linux_armv7l.whl", hash = "sha256:f4ad7f0d756546902597053d70b3af2606fbd70d7972876cd75c1e241d22ae00"},
    {file = "grpcio_tools-1.71.0-cp310-cp310-macosx_12_0_universal2.whl", hash = "sha256:64bdb291df61cf570b5256777ad5fe2b1db6d67bc46e55dc56a0a862722ae329"},
    {file = "grpcio_tools-1.71.0-cp310-cp310-manylinux_2_17_aarch64.whl", hash = "sha256:8dd9795e982d77a4b496f7278b943c2563d9afde2069cdee78c111a40cc4d675"},
    {file = "grpcio_tools-1.71.0-cp310-cp310-manylinux_2_17_i686.manylinux2014_i686.whl", hash = "sha256:c1b5860c41a36b26fec4f52998f1a451d0525a5c9a4fb06b6ea3e9211abdb925"},
    {file = "grpcio_tools-1.71.0-cp310-cp310-manylinux_2_17_x86_64.manylinux2014_x86_64.whl", hash = "sha256:3059c14035e5dc03d462f261e5900b9a077fd1a36976c3865b8507474520bad4"},
    {file = "grpcio_tools-1.71.0-cp310-cp310-musllinux_1_1_aarch64.whl", hash = "sha256:f360981b215b1d5aff9235b37e7e1826246e35bbac32a53e41d4e990a37b8f4c"},
    {file = "grpcio_tools-1.71.0-cp310-cp310-musllinux_1_1_i686.whl", hash = "sha256:bfe3888c3bbe16a5aa39409bc38744a31c0c3d2daa2b0095978c56e106c85b42"},
    {file = "grpcio_tools-1.71.0-cp310-cp310-musllinux_1_1_x86_64.whl", hash = "sha256:145985c0bf12131f0a1503e65763e0f060473f7f3928ed1ff3fb0e8aad5bc8ac"},
    {file = "grpcio_tools-1.71.0-cp310-cp310-win32.whl", hash = "sha256:82c430edd939bb863550ee0fecf067d78feff828908a1b529bbe33cc57f2419c"},
    {file = "grpcio_tools-1.71.0-cp310-cp310-win_amd64.whl", hash = "sha256:83e90724e3f02415c628e4ead1d6ffe063820aaaa078d9a39176793df958cd5a"},
    {file = "grpcio_tools-1.71.0-cp311-cp311-linux_armv7l.whl", hash = "sha256:1f19b16b49afa5d21473f49c0966dd430c88d089cd52ac02404d8cef67134efb"},
    {file = "grpcio_tools-1.71.0-cp311-cp311-macosx_10_14_universal2.whl", hash = "sha256:459c8f5e00e390aecd5b89de67deb3ec7188a274bc6cb50e43cef35ab3a3f45d"},
    {file = "grpcio_tools-1.71.0-cp311-cp311-manylinux_2_17_aarch64.whl", hash = "sha256:edab7e6518de01196be37f96cb1e138c3819986bf5e2a6c9e1519b4d716b2f5a"},
    {file = "grpcio_tools-1.71.0-cp311-cp311-manylinux_2_17_i686.manylinux2014_i686.whl", hash = "sha256:8b93b9f6adc7491d4c10144c0643409db298e5e63c997106a804f6f0248dbaf4"},
    {file = "grpcio_tools-1.71.0-cp311-cp311-manylinux_2_17_x86_64.manylinux2014_x86_64.whl", hash = "sha256:6ae5f2efa9e644c10bf1021600bfc099dfbd8e02b184d2d25dc31fcd6c2bc59e"},
    {file = "grpcio_tools-1.71.0-cp311-cp311-musllinux_1_1_aarch64.whl", hash = "sha256:65aa082f4435571d65d5ce07fc444f23c3eff4f3e34abef599ef8c9e1f6f360f"},
    {file = "grpcio_tools-1.71.0-cp311-cp311-musllinux_1_1_i686.whl", hash = "sha256:1331e726e08b7bdcbf2075fcf4b47dff07842b04845e6e220a08a4663e232d7f"},
    {file = "grpcio_tools-1.71.0-cp311-cp311-musllinux_1_1_x86_64.whl", hash = "sha256:6693a7d3ba138b0e693b3d1f687cdd9db9e68976c3fa2b951c17a072fea8b583"},
    {file = "grpcio_tools-1.71.0-cp311-cp311-win32.whl", hash = "sha256:6d11ed3ff7b6023b5c72a8654975324bb98c1092426ba5b481af406ff559df00"},
    {file = "grpcio_tools-1.71.0-cp311-cp311-win_amd64.whl", hash = "sha256:072b2a5805ac97e4623b3aa8f7818275f3fb087f4aa131b0fce00471065f6eaa"},
    {file = "grpcio_tools-1.71.0-cp312-cp312-linux_armv7l.whl", hash = "sha256:61c0409d5bdac57a7bd0ce0ab01c1c916728fe4c8a03d77a25135ad481eb505c"},
    {file = "grpcio_tools-1.71.0-cp312-cp312-macosx_10_14_universal2.whl", hash = "sha256:28784f39921d061d2164a9dcda5164a69d07bf29f91f0ea50b505958292312c9"},
    {file = "grpcio_tools-1.71.0-cp312-cp312-manylinux_2_17_aarch64.whl", hash = "sha256:192808cf553cedca73f0479cc61d5684ad61f24db7a5f3c4dfe1500342425866"},
    {file = "grpcio_tools-1.71.0-cp312-cp312-manylinux_2_17_i686.manylinux2014_i686.whl", hash = "sha256:989ee9da61098230d3d4c8f8f8e27c2de796f1ff21b1c90110e636d9acd9432b"},
    {file = "grpcio_tools-1.71.0-cp312-cp312-manylinux_2_17_x86_64.manylinux2014_x86_64.whl", hash = "sha256:541a756276c8a55dec991f6c0106ae20c8c8f5ce8d0bdbfcb01e2338d1a8192b"},
    {file = "grpcio_tools-1.71.0-cp312-cp312-musllinux_1_1_aarch64.whl", hash = "sha256:870c0097700d13c403e5517cb7750ab5b4a791ce3e71791c411a38c5468b64bd"},
    {file = "grpcio_tools-1.71.0-cp312-cp312-musllinux_1_1_i686.whl", hash = "sha256:abd57f615e88bf93c3c6fd31f923106e3beb12f8cd2df95b0d256fa07a7a0a57"},
    {file = "grpcio_tools-1.71.0-cp312-cp312-musllinux_1_1_x86_64.whl", hash = "sha256:753270e2d06d37e6d7af8967d1d059ec635ad215882041a36294f4e2fd502b2e"},
    {file = "grpcio_tools-1.71.0-cp312-cp312-win32.whl", hash = "sha256:0e647794bd7138b8c215e86277a9711a95cf6a03ff6f9e555d54fdf7378b9f9d"},
    {file = "grpcio_tools-1.71.0-cp312-cp312-win_amd64.whl", hash = "sha256:48debc879570972d28bfe98e4970eff25bb26da3f383e0e49829b2d2cd35ad87"},
    {file = "grpcio_tools-1.71.0-cp313-cp313-linux_armv7l.whl", hash = "sha256:9a78d07d6c301a25ef5ede962920a522556a1dfee1ccc05795994ceb867f766c"},
    {file = "grpcio_tools-1.71.0-cp313-cp313-macosx_10_14_universal2.whl", hash = "sha256:580ac88141c9815557e63c9c04f5b1cdb19b4db8d0cb792b573354bde1ee8b12"},
    {file = "grpcio_tools-1.71.0-cp313-cp313-manylinux_2_17_aarch64.whl", hash = "sha256:f7c678e68ece0ae908ecae1c4314a0c2c7f83e26e281738b9609860cc2c82d96"},
    {file = "grpcio_tools-1.71.0-cp313-cp313-manylinux_2_17_i686.manylinux2014_i686.whl", hash = "sha256:56ecd6cc89b5e5eed1de5eb9cafce86c9c9043ee3840888cc464d16200290b53"},
    {file = "grpcio_tools-1.71.0-cp313-cp313-manylinux_2_17_x86_64.manylinux2014_x86_64.whl", hash = "sha256:e52a041afc20ab2431d756b6295d727bd7adee813b21b06a3483f4a7a15ea15f"},
    {file = "grpcio_tools-1.71.0-cp313-cp313-musllinux_1_1_aarch64.whl", hash = "sha256:2a1712f12102b60c8d92779b89d0504e0d6f3a59f2b933e5622b8583f5c02992"},
    {file = "grpcio_tools-1.71.0-cp313-cp313-musllinux_1_1_i686.whl", hash = "sha256:41878cb7a75477e62fdd45e7e9155b3af1b7a5332844021e2511deaf99ac9e6c"},
    {file = "grpcio_tools-1.71.0-cp313-cp313-musllinux_1_1_x86_64.whl", hash = "sha256:682e958b476049ccc14c71bedf3f979bced01f6e0c04852efc5887841a32ad6b"},
    {file = "grpcio_tools-1.71.0-cp313-cp313-win32.whl", hash = "sha256:0ccfb837152b7b858b9f26bb110b3ae8c46675d56130f6c2f03605c4f129be13"},
    {file = "grpcio_tools-1.71.0-cp313-cp313-win_amd64.whl", hash = "sha256:ffff9bc5eacb34dd26b487194f7d44a3e64e752fc2cf049d798021bf25053b87"},
    {file = "grpcio_tools-1.71.0-cp39-cp39-linux_armv7l.whl", hash = "sha256:834959b6eceb85de5217a411aba1643b5f782798680c122202d6a06177226644"},
    {file = "grpcio_tools-1.71.0-cp39-cp39-macosx_10_14_universal2.whl", hash = "sha256:e3ae9556e2a1cd70e7d7b0e0459c35af71d51a7dae4cf36075068011a69f13ec"},
    {file = "grpcio_tools-1.71.0-cp39-cp39-manylinux_2_17_aarch64.whl", hash = "sha256:77fe6db1334e0ce318b2cb4e70afa94e0c173ed1a533d37aea69ad9f61ae8ea9"},
    {file = "grpcio_tools-1.71.0-cp39-cp39-manylinux_2_17_i686.manylinux2014_i686.whl", hash = "sha256:57e3e2544c306b60ef2d76570bac4e977be1ad548641c9eec130c3bc47e80141"},
    {file = "grpcio_tools-1.71.0-cp39-cp39-manylinux_2_17_x86_64.manylinux2014_x86_64.whl", hash = "sha256:af39e245fa56f7f5c2fe86b7d6c1b78f395c07e54d5613cbdbb3c24769a92b6e"},
    {file = "grpcio_tools-1.71.0-cp39-cp39-musllinux_1_1_aarch64.whl", hash = "sha256:8f987d0053351217954543b174b0bddbf51d45b3cfcf8d6de97b0a43d264d753"},
    {file = "grpcio_tools-1.71.0-cp39-cp39-musllinux_1_1_i686.whl", hash = "sha256:8e6cdbba4dae7b37b0d25d074614be9936fb720144420f03d9f142a80be69ba2"},
    {file = "grpcio_tools-1.71.0-cp39-cp39-musllinux_1_1_x86_64.whl", hash = "sha256:d3adc8b229e60c77bab5a5d62b415667133bd5ced7d59b5f71d6317c9143631e"},
    {file = "grpcio_tools-1.71.0-cp39-cp39-win32.whl", hash = "sha256:f68334d28a267fabec6e70cb5986e9999cfbfd14db654094ddf9aedd804a293a"},
    {file = "grpcio_tools-1.71.0-cp39-cp39-win_amd64.whl", hash = "sha256:1291a6136c07a86c3bb09f6c33f5cf227cc14956edd1b85cb572327a36e0aef8"},
    {file = "grpcio_tools-1.71.0.tar.gz", hash = "sha256:38dba8e0d5e0fb23a034e09644fdc6ed862be2371887eee54901999e8f6792a8"},
]

[package.dependencies]
grpcio = ">=1.71.0"
protobuf = ">=5.26.1,<6.0dev"
setuptools = "*"

[[package]]
name = "iniconfig"
version = "2.1.0"
description = "brain-dead simple config-ini parsing"
optional = false
python-versions = ">=3.8"
files = [
    {file = "iniconfig-2.1.0-py3-none-any.whl", hash = "sha256:9deba5723312380e77435581c6bf4935c94cbfab9b1ed33ef8d238ea168eb760"},
    {file = "iniconfig-2.1.0.tar.gz", hash = "sha256:3abbd2e30b36733fee78f9c7f7308f2d0050e88f0087fd25c2645f63c773e1c7"},
]

[[package]]
name = "mypy-extensions"
version = "1.1.0"
description = "Type system extensions for programs checked with the mypy type checker."
optional = false
python-versions = ">=3.8"
files = [
    {file = "mypy_extensions-1.1.0-py3-none-any.whl", hash = "sha256:1be4cccdb0f2482337c4743e60421de3a356cd97508abadd57d47403e94f5505"},
    {file = "mypy_extensions-1.1.0.tar.gz", hash = "sha256:52e68efc3284861e772bbcd66823fde5ae21fd2fdb51c62a211403730b916558"},
]

[[package]]
name = "packaging"
version = "25.0"
description = "Core utilities for Python packages"
optional = false
python-versions = ">=3.8"
files = [
    {file = "packaging-25.0-py3-none-any.whl", hash = "sha256:29572ef2b1f17581046b3a2227d5c611fb25ec70ca1ba8554b24b0e69331a484"},
    {file = "packaging-25.0.tar.gz", hash = "sha256:d443872c98d677bf60f6a1f2f8c1cb748e8fe762d2bf9d3148b5599295b0fc4f"},
]

[[package]]
name = "pathspec"
version = "0.12.1"
description = "Utility library for gitignore style pattern matching of file paths."
optional = false
python-versions = ">=3.8"
files = [
    {file = "pathspec-0.12.1-py3-none-any.whl", hash = "sha256:a0d503e138a4c123b27490a4f7beda6a01c6f288df0e4a8b79c7eb0dc7b4cc08"},
    {file = "pathspec-0.12.1.tar.gz", hash = "sha256:a482d51503a1ab33b1c67a6c3813a26953dbdc71c31dacaef9a838c4e29f5712"},
]

[[package]]
name = "platformdirs"
version = "4.3.8"
description = "A small Python package for determining appropriate platform-specific dirs, e.g. a `user data dir`."
optional = false
python-versions = ">=3.9"
files = [
    {file = "platformdirs-4.3.8-py3-none-any.whl", hash = "sha256:ff7059bb7eb1179e2685604f4aaf157cfd9535242bd23742eadc3c13542139b4"},
    {file = "platformdirs-4.3.8.tar.gz", hash = "sha256:3d512d96e16bcb959a814c9f348431070822a6496326a4be0911c40b5a74c2bc"},
]

[package.extras]
docs = ["furo (>=2024.8.6)", "proselint (>=0.14)", "sphinx (>=8.1.3)", "sphinx-autodoc-typehints (>=3)"]
test = ["appdirs (==1.4.4)", "covdefaults (>=2.3)", "pytest (>=8.3.4)", "pytest-cov (>=6)", "pytest-mock (>=3.14)"]
type = ["mypy (>=1.14.1)"]

[[package]]
name = "pluggy"
version = "1.6.0"
description = "plugin and hook calling mechanisms for python"
optional = false
python-versions = ">=3.9"
files = [
    {file = "pluggy-1.6.0-py3-none-any.whl", hash = "sha256:e920276dd6813095e9377c0bc5566d94c932c33b27a3e3945d8389c374dd4746"},
    {file = "pluggy-1.6.0.tar.gz", hash = "sha256:7dcc130b76258d33b90f61b658791dede3486c3e6bfb003ee5c9bfb396dd22f3"},
]

[package.extras]
dev = ["pre-commit", "tox"]
testing = ["coverage", "pytest", "pytest-benchmark"]

[[package]]
name = "protobuf"
version = "5.29.4"
description = ""
optional = false
python-versions = ">=3.8"
files = [
    {file = "protobuf-5.29.4-cp310-abi3-win32.whl", hash = "sha256:13eb236f8eb9ec34e63fc8b1d6efd2777d062fa6aaa68268fb67cf77f6839ad7"},
    {file = "protobuf-5.29.4-cp310-abi3-win_amd64.whl", hash = "sha256:bcefcdf3976233f8a502d265eb65ea740c989bacc6c30a58290ed0e519eb4b8d"},
    {file = "protobuf-5.29.4-cp38-abi3-macosx_10_9_universal2.whl", hash = "sha256:307ecba1d852ec237e9ba668e087326a67564ef83e45a0189a772ede9e854dd0"},
    {file = "protobuf-5.29.4-cp38-abi3-manylinux2014_aarch64.whl", hash = "sha256:aec4962f9ea93c431d5714ed1be1c93f13e1a8618e70035ba2b0564d9e633f2e"},
    {file = "protobuf-5.29.4-cp38-abi3-manylinux2014_x86_64.whl", hash = "sha256:d7d3f7d1d5a66ed4942d4fefb12ac4b14a29028b209d4bfb25c68ae172059922"},
    {file = "protobuf-5.29.4-cp38-cp38-win32.whl", hash = "sha256:1832f0515b62d12d8e6ffc078d7e9eb06969aa6dc13c13e1036e39d73bebc2de"},
    {file = "protobuf-5.29.4-cp38-cp38-win_amd64.whl", hash = "sha256:476cb7b14914c780605a8cf62e38c2a85f8caff2e28a6a0bad827ec7d6c85d68"},
    {file = "protobuf-5.29.4-cp39-cp39-win32.whl", hash = "sha256:fd32223020cb25a2cc100366f1dedc904e2d71d9322403224cdde5fdced0dabe"},
    {file = "protobuf-5.29.4-cp39-cp39-win_amd64.whl", hash = "sha256:678974e1e3a9b975b8bc2447fca458db5f93a2fb6b0c8db46b6675b5b5346812"},
    {file = "protobuf-5.29.4-py3-none-any.whl", hash = "sha256:3fde11b505e1597f71b875ef2fc52062b6a9740e5f7c8997ce878b6009145862"},
    {file = "protobuf-5.29.4.tar.gz", hash = "sha256:4f1dfcd7997b31ef8f53ec82781ff434a28bf71d9102ddde14d076adcfc78c99"},
]

[[package]]
name = "pytest"
version = "8.3.5"
description = "pytest: simple powerful testing with Python"
optional = false
python-versions = ">=3.8"
files = [
    {file = "pytest-8.3.5-py3-none-any.whl", hash = "sha256:c69214aa47deac29fad6c2a4f590b9c4a9fdb16a403176fe154b79c0b4d4d820"},
    {file = "pytest-8.3.5.tar.gz", hash = "sha256:f4efe70cc14e511565ac476b57c279e12a855b11f48f212af1080ef2263d3845"},
]

[package.dependencies]
colorama = {version = "*", markers = "sys_platform == \"win32\""}
iniconfig = "*"
packaging = "*"
pluggy = ">=1.5,<2"

[package.extras]
dev = ["argcomplete", "attrs (>=19.2)", "hypothesis (>=3.56)", "mock", "pygments (>=2.7.2)", "requests", "setuptools", "xmlschema"]

[[package]]
name = "pytest-asyncio"
version = "0.26.0"
description = "Pytest support for asyncio"
optional = false
python-versions = ">=3.9"
files = [
    {file = "pytest_asyncio-0.26.0-py3-none-any.whl", hash = "sha256:7b51ed894f4fbea1340262bdae5135797ebbe21d8638978e35d31c6d19f72fb0"},
    {file = "pytest_asyncio-0.26.0.tar.gz", hash = "sha256:c4df2a697648241ff39e7f0e4a73050b03f123f760673956cf0d72a4990e312f"},
]

[package.dependencies]
pytest = ">=8.2,<9"

[package.extras]
docs = ["sphinx (>=5.3)", "sphinx-rtd-theme (>=1)"]
testing = ["coverage (>=6.2)", "hypothesis (>=5.7.1)"]

[[package]]
name = "pyyaml"
version = "6.0.2"
description = "YAML parser and emitter for Python"
optional = false
python-versions = ">=3.8"
files = [
    {file = "PyYAML-6.0.2-cp310-cp310-macosx_10_9_x86_64.whl", hash = "sha256:0a9a2848a5b7feac301353437eb7d5957887edbf81d56e903999a75a3d743086"},
    {file = "PyYAML-6.0.2-cp310-cp310-macosx_11_0_arm64.whl", hash = "sha256:29717114e51c84ddfba879543fb232a6ed60086602313ca38cce623c1d62cfbf"},
    {file = "PyYAML-6.0.2-cp310-cp310-manylinux_2_17_aarch64.manylinux2014_aarch64.whl", hash = "sha256:8824b5a04a04a047e72eea5cec3bc266db09e35de6bdfe34c9436ac5ee27d237"},
    {file = "PyYAML-6.0.2-cp310-cp310-manylinux_2_17_s390x.manylinux2014_s390x.whl", hash = "sha256:7c36280e6fb8385e520936c3cb3b8042851904eba0e58d277dca80a5cfed590b"},
    {file = "PyYAML-6.0.2-cp310-cp310-manylinux_2_17_x86_64.manylinux2014_x86_64.whl", hash = "sha256:ec031d5d2feb36d1d1a24380e4db6d43695f3748343d99434e6f5f9156aaa2ed"},
    {file = "PyYAML-6.0.2-cp310-cp310-musllinux_1_1_aarch64.whl", hash = "sha256:936d68689298c36b53b29f23c6dbb74de12b4ac12ca6cfe0e047bedceea56180"},
    {file = "PyYAML-6.0.2-cp310-cp310-musllinux_1_1_x86_64.whl", hash = "sha256:23502f431948090f597378482b4812b0caae32c22213aecf3b55325e049a6c68"},
    {file = "PyYAML-6.0.2-cp310-cp310-win32.whl", hash = "sha256:2e99c6826ffa974fe6e27cdb5ed0021786b03fc98e5ee3c5bfe1fd5015f42b99"},
    {file = "PyYAML-6.0.2-cp310-cp310-win_amd64.whl", hash = "sha256:a4d3091415f010369ae4ed1fc6b79def9416358877534caf6a0fdd2146c87a3e"},
    {file = "PyYAML-6.0.2-cp311-cp311-macosx_10_9_x86_64.whl", hash = "sha256:cc1c1159b3d456576af7a3e4d1ba7e6924cb39de8f67111c735f6fc832082774"},
    {file = "PyYAML-6.0.2-cp311-cp311-macosx_11_0_arm64.whl", hash = "sha256:1e2120ef853f59c7419231f3bf4e7021f1b936f6ebd222406c3b60212205d2ee"},
    {file = "PyYAML-6.0.2-cp311-cp311-manylinux_2_17_aarch64.manylinux2014_aarch64.whl", hash = "sha256:5d225db5a45f21e78dd9358e58a98702a0302f2659a3c6cd320564b75b86f47c"},
    {file = "PyYAML-6.0.2-cp311-cp311-manylinux_2_17_s390x.manylinux2014_s390x.whl", hash = "sha256:5ac9328ec4831237bec75defaf839f7d4564be1e6b25ac710bd1a96321cc8317"},
    {file = "PyYAML-6.0.2-cp311-cp311-manylinux_2_17_x86_64.manylinux2014_x86_64.whl", hash = "sha256:3ad2a3decf9aaba3d29c8f537ac4b243e36bef957511b4766cb0057d32b0be85"},
    {file = "PyYAML-6.0.2-cp311-cp311-musllinux_1_1_aarch64.whl", hash = "sha256:ff3824dc5261f50c9b0dfb3be22b4567a6f938ccce4587b38952d85fd9e9afe4"},
    {file = "PyYAML-6.0.2-cp311-cp311-musllinux_1_1_x86_64.whl", hash = "sha256:797b4f722ffa07cc8d62053e4cff1486fa6dc094105d13fea7b1de7d8bf71c9e"},
    {file = "PyYAML-6.0.2-cp311-cp311-win32.whl", hash = "sha256:11d8f3dd2b9c1207dcaf2ee0bbbfd5991f571186ec9cc78427ba5bd32afae4b5"},
    {file = "PyYAML-6.0.2-cp311-cp311-win_amd64.whl", hash = "sha256:e10ce637b18caea04431ce14fabcf5c64a1c61ec9c56b071a4b7ca131ca52d44"},
    {file = "PyYAML-6.0.2-cp312-cp312-macosx_10_9_x86_64.whl", hash = "sha256:c70c95198c015b85feafc136515252a261a84561b7b1d51e3384e0655ddf25ab"},
    {file = "PyYAML-6.0.2-cp312-cp312-macosx_11_0_arm64.whl", hash = "sha256:ce826d6ef20b1bc864f0a68340c8b3287705cae2f8b4b1d932177dcc76721725"},
    {file = "PyYAML-6.0.2-cp312-cp312-manylinux_2_17_aarch64.manylinux2014_aarch64.whl", hash = "sha256:1f71ea527786de97d1a0cc0eacd1defc0985dcf6b3f17bb77dcfc8c34bec4dc5"},
    {file = "PyYAML-6.0.2-cp312-cp312-manylinux_2_17_s390x.manylinux2014_s390x.whl", hash = "sha256:9b22676e8097e9e22e36d6b7bda33190d0d400f345f23d4065d48f4ca7ae0425"},
    {file = "PyYAML-6.0.2-cp312-cp312-manylinux_2_17_x86_64.manylinux2014_x86_64.whl", hash = "sha256:80bab7bfc629882493af4aa31a4cfa43a4c57c83813253626916b8c7ada83476"},
    {file = "PyYAML-6.0.2-cp312-cp312-musllinux_1_1_aarch64.whl", hash = "sha256:0833f8694549e586547b576dcfaba4a6b55b9e96098b36cdc7ebefe667dfed48"},
    {file = "PyYAML-6.0.2-cp312-cp312-musllinux_1_1_x86_64.whl", hash = "sha256:8b9c7197f7cb2738065c481a0461e50ad02f18c78cd75775628afb4d7137fb3b"},
    {file = "PyYAML-6.0.2-cp312-cp312-win32.whl", hash = "sha256:ef6107725bd54b262d6dedcc2af448a266975032bc85ef0172c5f059da6325b4"},
    {file = "PyYAML-6.0.2-cp312-cp312-win_amd64.whl", hash = "sha256:7e7401d0de89a9a855c839bc697c079a4af81cf878373abd7dc625847d25cbd8"},
    {file = "PyYAML-6.0.2-cp313-cp313-macosx_10_13_x86_64.whl", hash = "sha256:efdca5630322a10774e8e98e1af481aad470dd62c3170801852d752aa7a783ba"},
    {file = "PyYAML-6.0.2-cp313-cp313-macosx_11_0_arm64.whl", hash = "sha256:50187695423ffe49e2deacb8cd10510bc361faac997de9efef88badc3bb9e2d1"},
    {file = "PyYAML-6.0.2-cp313-cp313-manylinux_2_17_aarch64.manylinux2014_aarch64.whl", hash = "sha256:0ffe8360bab4910ef1b9e87fb812d8bc0a308b0d0eef8c8f44e0254ab3b07133"},
    {file = "PyYAML-6.0.2-cp313-cp313-manylinux_2_17_s390x.manylinux2014_s390x.whl", hash = "sha256:17e311b6c678207928d649faa7cb0d7b4c26a0ba73d41e99c4fff6b6c3276484"},
    {file = "PyYAML-6.0.2-cp313-cp313-manylinux_2_17_x86_64.manylinux2014_x86_64.whl", hash = "sha256:70b189594dbe54f75ab3a1acec5f1e3faa7e8cf2f1e08d9b561cb41b845f69d5"},
    {file = "PyYAML-6.0.2-cp313-cp313-musllinux_1_1_aarch64.whl", hash = "sha256:41e4e3953a79407c794916fa277a82531dd93aad34e29c2a514c2c0c5fe971cc"},
    {file = "PyYAML-6.0.2-cp313-cp313-musllinux_1_1_x86_64.whl", hash = "sha256:68ccc6023a3400877818152ad9a1033e3db8625d899c72eacb5a668902e4d652"},
    {file = "PyYAML-6.0.2-cp313-cp313-win32.whl", hash = "sha256:bc2fa7c6b47d6bc618dd7fb02ef6fdedb1090ec036abab80d4681424b84c1183"},
    {file = "PyYAML-6.0.2-cp313-cp313-win_amd64.whl", hash = "sha256:8388ee1976c416731879ac16da0aff3f63b286ffdd57cdeb95f3f2e085687563"},
    {file = "PyYAML-6.0.2-cp38-cp38-macosx_10_9_x86_64.whl", hash = "sha256:24471b829b3bf607e04e88d79542a9d48bb037c2267d7927a874e6c205ca7e9a"},
    {file = "PyYAML-6.0.2-cp38-cp38-manylinux_2_17_aarch64.manylinux2014_aarch64.whl", hash = "sha256:d7fded462629cfa4b685c5416b949ebad6cec74af5e2d42905d41e257e0869f5"},
    {file = "PyYAML-6.0.2-cp38-cp38-manylinux_2_17_s390x.manylinux2014_s390x.whl", hash = "sha256:d84a1718ee396f54f3a086ea0a66d8e552b2ab2017ef8b420e92edbc841c352d"},
    {file = "PyYAML-6.0.2-cp38-cp38-manylinux_2_17_x86_64.manylinux2014_x86_64.whl", hash = "sha256:9056c1ecd25795207ad294bcf39f2db3d845767be0ea6e6a34d856f006006083"},
    {file = "PyYAML-6.0.2-cp38-cp38-musllinux_1_1_x86_64.whl", hash = "sha256:82d09873e40955485746739bcb8b4586983670466c23382c19cffecbf1fd8706"},
    {file = "PyYAML-6.0.2-cp38-cp38-win32.whl", hash = "sha256:43fa96a3ca0d6b1812e01ced1044a003533c47f6ee8aca31724f78e93ccc089a"},
    {file = "PyYAML-6.0.2-cp38-cp38-win_amd64.whl", hash = "sha256:01179a4a8559ab5de078078f37e5c1a30d76bb88519906844fd7bdea1b7729ff"},
    {file = "PyYAML-6.0.2-cp39-cp39-macosx_10_9_x86_64.whl", hash = "sha256:688ba32a1cffef67fd2e9398a2efebaea461578b0923624778664cc1c914db5d"},
    {file = "PyYAML-6.0.2-cp39-cp39-macosx_11_0_arm64.whl", hash = "sha256:a8786accb172bd8afb8be14490a16625cbc387036876ab6ba70912730faf8e1f"},
    {file = "PyYAML-6.0.2-cp39-cp39-manylinux_2_17_aarch64.manylinux2014_aarch64.whl", hash = "sha256:d8e03406cac8513435335dbab54c0d385e4a49e4945d2909a581c83647ca0290"},
    {file = "PyYAML-6.0.2-cp39-cp39-manylinux_2_17_s390x.manylinux2014_s390x.whl", hash = "sha256:f753120cb8181e736c57ef7636e83f31b9c0d1722c516f7e86cf15b7aa57ff12"},
    {file = "PyYAML-6.0.2-cp39-cp39-manylinux_2_17_x86_64.manylinux2014_x86_64.whl", hash = "sha256:3b1fdb9dc17f5a7677423d508ab4f243a726dea51fa5e70992e59a7411c89d19"},
    {file = "PyYAML-6.0.2-cp39-cp39-musllinux_1_1_aarch64.whl", hash = "sha256:0b69e4ce7a131fe56b7e4d770c67429700908fc0752af059838b1cfb41960e4e"},
    {file = "PyYAML-6.0.2-cp39-cp39-musllinux_1_1_x86_64.whl", hash = "sha256:a9f8c2e67970f13b16084e04f134610fd1d374bf477b17ec1599185cf611d725"},
    {file = "PyYAML-6.0.2-cp39-cp39-win32.whl", hash = "sha256:6395c297d42274772abc367baaa79683958044e5d3835486c16da75d2a694631"},
    {file = "PyYAML-6.0.2-cp39-cp39-win_amd64.whl", hash = "sha256:39693e1f8320ae4f43943590b49779ffb98acb81f788220ea932a6b6c51004d8"},
    {file = "pyyaml-6.0.2.tar.gz", hash = "sha256:d584d9ec91ad65861cc08d42e834324ef890a082e591037abe114850ff7bbc3e"},
]

[[package]]
name = "setuptools"
version = "80.8.0"
description = "Easily download, build, install, upgrade, and uninstall Python packages"
optional = false
python-versions = ">=3.9"
files = [
    {file = "setuptools-80.8.0-py3-none-any.whl", hash = "sha256:95a60484590d24103af13b686121328cc2736bee85de8936383111e421b9edc0"},
    {file = "setuptools-80.8.0.tar.gz", hash = "sha256:49f7af965996f26d43c8ae34539c8d99c5042fbff34302ea151eaa9c207cd257"},
]

[package.extras]
check = ["pytest-checkdocs (>=2.4)", "pytest-ruff (>=0.2.1)", "ruff (>=0.8.0)"]
core = ["importlib_metadata (>=6)", "jaraco.functools (>=4)", "jaraco.text (>=3.7)", "more_itertools", "more_itertools (>=8.8)", "packaging (>=24.2)", "platformdirs (>=4.2.2)", "tomli (>=2.0.1)", "wheel (>=0.43.0)"]
cover = ["pytest-cov"]
doc = ["furo", "jaraco.packaging (>=9.3)", "jaraco.tidelift (>=1.4)", "pygments-github-lexers (==0.0.5)", "pyproject-hooks (!=1.1)", "rst.linker (>=1.9)", "sphinx (>=3.5)", "sphinx-favicon", "sphinx-inline-tabs", "sphinx-lint", "sphinx-notfound-page (>=1,<2)", "sphinx-reredirects", "sphinxcontrib-towncrier", "towncrier (<24.7)"]
enabler = ["pytest-enabler (>=2.2)"]
test = ["build[virtualenv] (>=1.0.3)", "filelock (>=3.4.0)", "ini2toml[lite] (>=0.14)", "jaraco.develop (>=7.21)", "jaraco.envs (>=2.2)", "jaraco.path (>=3.7.2)", "jaraco.test (>=5.5)", "packaging (>=24.2)", "pip (>=19.1)", "pyproject-hooks (!=1.1)", "pytest (>=6,!=8.1.*)", "pytest-home (>=0.5)", "pytest-perf", "pytest-subprocess", "pytest-timeout", "pytest-xdist (>=3)", "tomli-w (>=1.0.0)", "virtualenv (>=13.0.0)", "wheel (>=0.44.0)"]
type = ["importlib_metadata (>=7.0.2)", "jaraco.develop (>=7.21)", "mypy (==1.14.*)", "pytest-mypy"]

[[package]]
name = "tabulate"
version = "0.9.0"
description = "Pretty-print tabular data"
optional = false
python-versions = ">=3.7"
files = [
    {file = "tabulate-0.9.0-py3-none-any.whl", hash = "sha256:024ca478df22e9340661486f85298cff5f6dcdba14f3813e8830015b9ed1948f"},
    {file = "tabulate-0.9.0.tar.gz", hash = "sha256:0095b12bf5966de529c0feb1fa08671671b3368eec77d7ef7ab114be2c068b3c"},
]

[package.extras]
widechars = ["wcwidth"]

[[package]]
name = "toml"
version = "0.10.2"
description = "Python Library for Tom's Obvious, Minimal Language"
optional = false
python-versions = ">=2.6, !=3.0.*, !=3.1.*, !=3.2.*"
files = [
    {file = "toml-0.10.2-py2.py3-none-any.whl", hash = "sha256:806143ae5bfb6a3c6e736a764057db0e6a0e05e338b5630894a5f779cabb4f9b"},
    {file = "toml-0.10.2.tar.gz", hash = "sha256:b3bda1d108d5dd99f4a20d24d9c348e91c4db7ab1b749200bded2f839ccbe68f"},
]

[metadata]
lock-version = "2.0"
python-versions = "^3.13"
content-hash = "1f8950e8b5c62addccfab2f840ef0e42e615879717c6058e09603cae71e89cb1"
